# THIS IS AN AUTOGENERATED FILE. DO NOT EDIT THIS FILE DIRECTLY.
# yarn lockfile v1


"@next/bundle-analyzer@^10.0.5":
  version "10.2.3"
  resolved "https://registry.yarnpkg.com/@next/bundle-analyzer/-/bundle-analyzer-10.2.3.tgz#6526e31f46cd48145986dc3bf911ff693e2acdf7"
  integrity sha512-vEfQhGWgJugZOlSUlj3DZWs/KsK0SO2SPKoHSZ7KkzpruKzc/e45G0oUh0rffzdhasMQZM1TuSBkxO+1UcnDNw==
  dependencies:
    webpack-bundle-analyzer "4.3.0"

"@next/env@12.3.4":
  version "12.3.4"
  resolved "https://registry.yarnpkg.com/@next/env/-/env-12.3.4.tgz#c787837d36fcad75d72ff8df6b57482027d64a47"
  integrity sha512-H/69Lc5Q02dq3o+dxxy5O/oNxFsZpdL6WREtOOtOM1B/weonIwDXkekr1KV5DPVPr12IHFPrMrcJQ6bgPMfn7A==

"@next/swc-android-arm-eabi@12.3.4":
  version "12.3.4"
  resolved "https://registry.yarnpkg.com/@next/swc-android-arm-eabi/-/swc-android-arm-eabi-12.3.4.tgz#fd1c2dafe92066c6120761c6a39d19e666dc5dd0"
  integrity sha512-cM42Cw6V4Bz/2+j/xIzO8nK/Q3Ly+VSlZJTa1vHzsocJRYz8KT6MrreXaci2++SIZCF1rVRCDgAg5PpqRibdIA==

"@next/swc-android-arm64@12.3.4":
  version "12.3.4"
  resolved "https://registry.yarnpkg.com/@next/swc-android-arm64/-/swc-android-arm64-12.3.4.tgz#11a146dae7b8bca007239b21c616e83f77b19ed4"
  integrity sha512-5jf0dTBjL+rabWjGj3eghpLUxCukRhBcEJgwLedewEA/LJk2HyqCvGIwj5rH+iwmq1llCWbOky2dO3pVljrapg==

"@next/swc-darwin-arm64@12.3.4":
  version "12.3.4"
  resolved "https://registry.yarnpkg.com/@next/swc-darwin-arm64/-/swc-darwin-arm64-12.3.4.tgz#14ac8357010c95e67327f47082af9c9d75d5be79"
  integrity sha512-DqsSTd3FRjQUR6ao0E1e2OlOcrF5br+uegcEGPVonKYJpcr0MJrtYmPxd4v5T6UCJZ+XzydF7eQo5wdGvSZAyA==

"@next/swc-darwin-x64@12.3.4":
  version "12.3.4"
  resolved "https://registry.yarnpkg.com/@next/swc-darwin-x64/-/swc-darwin-x64-12.3.4.tgz#e7dc63cd2ac26d15fb84d4d2997207fb9ba7da0f"
  integrity sha512-PPF7tbWD4k0dJ2EcUSnOsaOJ5rhT3rlEt/3LhZUGiYNL8KvoqczFrETlUx0cUYaXe11dRA3F80Hpt727QIwByQ==

"@next/swc-freebsd-x64@12.3.4":
  version "12.3.4"
  resolved "https://registry.yarnpkg.com/@next/swc-freebsd-x64/-/swc-freebsd-x64-12.3.4.tgz#fe7ceec58746fdf03f1fcb37ec1331c28e76af93"
  integrity sha512-KM9JXRXi/U2PUM928z7l4tnfQ9u8bTco/jb939pdFUHqc28V43Ohd31MmZD1QzEK4aFlMRaIBQOWQZh4D/E5lQ==

"@next/swc-linux-arm-gnueabihf@12.3.4":
  version "12.3.4"
  resolved "https://registry.yarnpkg.com/@next/swc-linux-arm-gnueabihf/-/swc-linux-arm-gnueabihf-12.3.4.tgz#d7016934d02bfc8bd69818ffb0ae364b77b17af7"
  integrity sha512-3zqD3pO+z5CZyxtKDTnOJ2XgFFRUBciOox6EWkoZvJfc9zcidNAQxuwonUeNts6Xbm8Wtm5YGIRC0x+12YH7kw==

"@next/swc-linux-arm64-gnu@12.3.4":
  version "12.3.4"
  resolved "https://registry.yarnpkg.com/@next/swc-linux-arm64-gnu/-/swc-linux-arm64-gnu-12.3.4.tgz#43a7bc409b03487bff5beb99479cacdc7bd29af5"
  integrity sha512-kiX0vgJGMZVv+oo1QuObaYulXNvdH/IINmvdZnVzMO/jic/B8EEIGlZ8Bgvw8LCjH3zNVPO3mGrdMvnEEPEhKA==

"@next/swc-linux-arm64-musl@12.3.4":
  version "12.3.4"
  resolved "https://registry.yarnpkg.com/@next/swc-linux-arm64-musl/-/swc-linux-arm64-musl-12.3.4.tgz#4d1db6de6dc982b974cd1c52937111e3e4a34bd3"
  integrity sha512-EETZPa1juczrKLWk5okoW2hv7D7WvonU+Cf2CgsSoxgsYbUCZ1voOpL4JZTOb6IbKMDo6ja+SbY0vzXZBUMvkQ==

"@next/swc-linux-x64-gnu@12.3.4":
  version "12.3.4"
  resolved "https://registry.yarnpkg.com/@next/swc-linux-x64-gnu/-/swc-linux-x64-gnu-12.3.4.tgz#c3b414d77bab08b35f7dd8943d5586f0adb15e38"
  integrity sha512-4csPbRbfZbuWOk3ATyWcvVFdD9/Rsdq5YHKvRuEni68OCLkfy4f+4I9OBpyK1SKJ00Cih16NJbHE+k+ljPPpag==

"@next/swc-linux-x64-musl@12.3.4":
  version "12.3.4"
  resolved "https://registry.yarnpkg.com/@next/swc-linux-x64-musl/-/swc-linux-x64-musl-12.3.4.tgz#187a883ec09eb2442a5ebf126826e19037313c61"
  integrity sha512-YeBmI+63Ro75SUiL/QXEVXQ19T++58aI/IINOyhpsRL1LKdyfK/35iilraZEFz9bLQrwy1LYAR5lK200A9Gjbg==

"@next/swc-win32-arm64-msvc@12.3.4":
  version "12.3.4"
  resolved "https://registry.yarnpkg.com/@next/swc-win32-arm64-msvc/-/swc-win32-arm64-msvc-12.3.4.tgz#89befa84e453ed2ef9a888f375eba565a0fde80b"
  integrity sha512-Sd0qFUJv8Tj0PukAYbCCDbmXcMkbIuhnTeHm9m4ZGjCf6kt7E/RMs55Pd3R5ePjOkN7dJEuxYBehawTR/aPDSQ==

"@next/swc-win32-ia32-msvc@12.3.4":
  version "12.3.4"
  resolved "https://registry.yarnpkg.com/@next/swc-win32-ia32-msvc/-/swc-win32-ia32-msvc-12.3.4.tgz#cb50c08f0e40ead63642a7f269f0c8254261f17c"
  integrity sha512-rt/vv/vg/ZGGkrkKcuJ0LyliRdbskQU+91bje+PgoYmxTZf/tYs6IfbmgudBJk6gH3QnjHWbkphDdRQrseRefQ==

"@next/swc-win32-x64-msvc@12.3.4":
  version "12.3.4"
  resolved "https://registry.yarnpkg.com/@next/swc-win32-x64-msvc/-/swc-win32-x64-msvc-12.3.4.tgz#d28ea15a72cdcf96201c60a43e9630cd7fda168f"
  integrity sha512-DQ20JEfTBZAgF8QCjYfJhv2/279M6onxFjdG/+5B0Cyj00/EdBxiWb2eGGFgQhrBbNv/lsvzFbbi0Ptf8Vw/bg==

"@polka/url@^1.0.0-next.20":
  version "1.0.0-next.23"
  resolved "https://registry.yarnpkg.com/@polka/url/-/url-1.0.0-next.23.tgz#498e41218ab3b6a1419c735e5c6ae2c5ed609b6c"
  integrity sha512-C16M+IYz0rgRhWZdCmK+h58JMv8vijAA61gmz2rspCSwKwzBebpdcsiUmwrtJRdphuY30i6BSLEOP8ppbNLyLg==

"@swc/helpers@0.4.11":
  version "0.4.11"
  resolved "https://registry.yarnpkg.com/@swc/helpers/-/helpers-0.4.11.tgz#db23a376761b3d31c26502122f349a21b592c8de"
  integrity sha512-rEUrBSGIoSFuYxwBYtlUFMlE2CwGhmW+w9355/5oduSw8e5h2+Tj4UrAGNNgP9915++wj5vkQo0UuOBqOAq4nw==
  dependencies:
    tslib "^2.4.0"

"@types/node@^14.14.13":
  version "14.18.61"
  resolved "https://registry.yarnpkg.com/@types/node/-/node-14.18.61.tgz#752097010d85f6279b3069811bf0e99eba996096"
  integrity sha512-1mFT4DqS4/s9tlZbdkwEB/EnSykA9MDeDLIk3FHApGvIMGY//qgstB2gu9GKGESWyW/qiRUO+jhlLJ9bBJ8j+Q==

"@types/prop-types@*":
  version "15.7.5"
  resolved "https://registry.yarnpkg.com/@types/prop-types/-/prop-types-15.7.5.tgz#5f19d2b85a98e9558036f6a3cacc8819420f05cf"
  integrity sha512-JCB8C6SnDoQf0cNycqd/35A7MjcnK+ZTqE7judS6o7utxUCg6imJg3QK2qzHKszlTjcj2cn+NwMB2i96ubpj7w==

"@types/react-dom@^17.0.0":
  version "17.0.20"
  resolved "https://registry.yarnpkg.com/@types/react-dom/-/react-dom-17.0.20.tgz#e0c8901469d732b36d8473b40b679ad899da1b53"
  integrity sha512-4pzIjSxDueZZ90F52mU3aPoogkHIoSIDG+oQ+wQK7Cy2B9S+MvOqY0uEA/qawKz381qrEDkvpwyt8Bm31I8sbA==
  dependencies:
    "@types/react" "^17"

"@types/react@^17", "@types/react@^17.0.0":
  version "17.0.65"
  resolved "https://registry.yarnpkg.com/@types/react/-/react-17.0.65.tgz#95f6a2ab61145ffb69129d07982d047f9e0870cd"
  integrity sha512-oxur785xZYHvnI7TRS61dXbkIhDPnGfsXKv0cNXR/0ml4SipRIFpSMzA7HMEfOywFwJ5AOnPrXYTEiTRUQeGlQ==
  dependencies:
    "@types/prop-types" "*"
    "@types/scheduler" "*"
    csstype "^3.0.2"

"@types/scheduler@*":
  version "0.16.3"
  resolved "https://registry.yarnpkg.com/@types/scheduler/-/scheduler-0.16.3.tgz#cef09e3ec9af1d63d2a6cc5b383a737e24e6dcf5"
  integrity sha512-5cJ8CB4yAx7BH1oMvdU0Jh9lrEXyPkar6F9G/ERswkCuvP4KQZfZkSjcMbAICCpQTN4OuZn8tz0HiKv9TGZgrQ==

acorn-walk@^8.0.0:
  version "8.2.0"
  resolved "https://registry.yarnpkg.com/acorn-walk/-/acorn-walk-8.2.0.tgz#741210f2e2426454508853a2f44d0ab83b7f69c1"
  integrity sha512-k+iyHEuPgSw6SbuDpGQM+06HQUa04DZ3o+F6CSzXMvvI5KMvnaEqXe+YVe555R9nn6GPt404fos4wcgpw12SDA==

acorn@^8.0.4:
  version "8.10.0"
  resolved "https://registry.yarnpkg.com/acorn/-/acorn-8.10.0.tgz#8be5b3907a67221a81ab23c7889c4c5526b62ec5"
  integrity sha512-F0SAmZ8iUtS//m8DmCTA0jlh6TDKkHQyK6xc6V4KDTyZKA9dnvX9/3sRTVQrWm79glUAZbnmmNcdYwUIHWVybw==

ansi-styles@^4.1.0:
  version "4.3.0"
  resolved "https://registry.yarnpkg.com/ansi-styles/-/ansi-styles-4.3.0.tgz#edd803628ae71c04c85ae7a0906edad34b648937"
  integrity sha512-zbB9rCJAT1rbjiVDb2hqKFHNYLxgtk8NURxZ3IZwD3F6NtxbXZQCnnSi1Lkx+IDohdPlFp222wVALIheZJQSEg==
  dependencies:
    color-convert "^2.0.1"

anymatch@~3.1.2:
  version "3.1.3"
  resolved "https://registry.yarnpkg.com/anymatch/-/anymatch-3.1.3.tgz#790c58b19ba1720a84205b57c618d5ad8524973e"
  integrity sha512-KMReFUr0B4t+D+OBkjR3KYqvocp2XaSzO55UcB6mgQMd3KbcE+mWTyvVV7D/zsdEbNnV6acZUutkiHQXvTr1Rw==
  dependencies:
    normalize-path "^3.0.0"
    picomatch "^2.0.4"

binary-extensions@^2.0.0:
  version "2.2.0"
  resolved "https://registry.yarnpkg.com/binary-extensions/-/binary-extensions-2.2.0.tgz#75f502eeaf9ffde42fc98829645be4ea76bd9e2d"
  integrity sha512-jDctJ/IVQbZoJykoeHbhXpOlNBqGNcwXJKJog42E5HDPUwQTSdjCHdihjj0DlnheQ7blbT6dHOafNAiS8ooQKA==

braces@~3.0.2:
  version "3.0.2"
  resolved "https://registry.yarnpkg.com/braces/-/braces-3.0.2.tgz#3454e1a462ee8d599e236df336cd9ea4f8afe107"
  integrity sha512-b8um+L1RzM3WDSzvhm6gIz1yfTbBt6YTlcEKAvsmqCZZFw46z626lVj9j1yEPW33H5H+lBQpZMP1k8l+78Ha0A==
  dependencies:
    fill-range "^7.0.1"

caniuse-lite@^1.0.30001406:
  version "1.0.30001535"
  resolved "https://registry.yarnpkg.com/caniuse-lite/-/caniuse-lite-1.0.30001535.tgz#908a5b7ef11172f51f0b88f3d850aef1c6a3cf7b"
  integrity sha512-48jLyUkiWFfhm/afF7cQPqPjaUmSraEhK4j+FCTJpgnGGEZHqyLe3hmWH7lIooZdSzXL0ReMvHz0vKDoTBsrwg==

chalk@^4.1.0:
  version "4.1.2"
  resolved "https://registry.yarnpkg.com/chalk/-/chalk-4.1.2.tgz#aac4e2b7734a740867aeb16bf02aad556a1e7a01"
  integrity sha512-oKnbhFyRIXpUuez8iBMmyEa4nbj4IOQyuhc/wy9kY7/WVPcwIO9VA668Pu8RkO7+0G76SLROeyw9CpQ061i4mA==
  dependencies:
    ansi-styles "^4.1.0"
    supports-color "^7.1.0"

"chokidar@>=3.0.0 <4.0.0":
  version "3.5.3"
  resolved "https://registry.yarnpkg.com/chokidar/-/chokidar-3.5.3.tgz#1cf37c8707b932bd1af1ae22c0432e2acd1903bd"
  integrity sha512-Dr3sfKRP6oTcjf2JmUmFJfeVMvXBdegxB0iVQ5eb2V10uFJUCAS8OByZdVAyVb8xXNz3GjjTgj9kLWsZTqE6kw==
  dependencies:
    anymatch "~3.1.2"
    braces "~3.0.2"
    glob-parent "~5.1.2"
    is-binary-path "~2.1.0"
    is-glob "~4.0.1"
    normalize-path "~3.0.0"
    readdirp "~3.6.0"
  optionalDependencies:
    fsevents "~2.3.2"

color-convert@^2.0.1:
  version "2.0.1"
  resolved "https://registry.yarnpkg.com/color-convert/-/color-convert-2.0.1.tgz#72d3a68d598c9bdb3af2ad1e84f21d896abd4de3"
  integrity sha512-RRECPsj7iu/xb5oKYcsFHSppFNnsj/52OVTRKb4zP5onXwVF3zVmmToNcOfGC+CRDpfK/U584fMg38ZHCaElKQ==
  dependencies:
    color-name "~1.1.4"

color-name@~1.1.4:
  version "1.1.4"
  resolved "https://registry.yarnpkg.com/color-name/-/color-name-1.1.4.tgz#c2a09a87acbde69543de6f63fa3995c826c536a2"
  integrity sha512-dOy+3AuW3a2wNbZHIuMZpTcgjGuLU/uBL/ubcZF9OXbDo8ff4O8yVp5Bf0efS8uEoYo5q4Fx7dY9OgQGXgAsQA==

commander@^6.2.0:
  version "6.2.1"
  resolved "https://registry.yarnpkg.com/commander/-/commander-6.2.1.tgz#0792eb682dfbc325999bb2b84fddddba110ac73c"
  integrity sha512-U7VdrJFnJgo4xjrHpTzu0yrHPGImdsmD95ZlgYSEajAn2JKzDhDTPG9kBTefmObL2w/ngeZnilk+OV9CG3d7UA==

csstype@^3.0.2:
  version "3.1.2"
  resolved "https://registry.yarnpkg.com/csstype/-/csstype-3.1.2.tgz#1d4bf9d572f11c14031f0436e1c10bc1f571f50b"
  integrity sha512-I7K1Uu0MBPzaFKg4nI5Q7Vs2t+3gWWW648spaF+Rg7pI9ds18Ugn+lvg4SHczUdKlHI5LWBXyqfS8+DufyBsgQ==

duplexer@^0.1.2:
  version "0.1.2"
  resolved "https://registry.yarnpkg.com/duplexer/-/duplexer-0.1.2.tgz#3abe43aef3835f8ae077d136ddce0f276b0400e6"
  integrity sha512-jtD6YG370ZCIi/9GTaJKQxWTZD045+4R4hTk/x1UyoqadyJ9x9CgSi1RlVDQF8U2sxLLSnFkCaMihqljHIWgMg==

fill-range@^7.0.1:
  version "7.0.1"
  resolved "https://registry.yarnpkg.com/fill-range/-/fill-range-7.0.1.tgz#1919a6a7c75fe38b2c7c77e5198535da9acdda40"
  integrity sha512-qOo9F+dMUmC2Lcb4BbVvnKJxTPjCm+RRpe4gDuGrzkL7mEVl/djYSu2OdQ2Pa302N4oqkSg9ir6jaLWJ2USVpQ==
  dependencies:
    to-regex-range "^5.0.1"

fsevents@~2.3.2:
  version "2.3.3"
  resolved "https://registry.yarnpkg.com/fsevents/-/fsevents-2.3.3.tgz#cac6407785d03675a2a5e1a5305c697b347d90d6"
  integrity sha512-5xoDfX+fL7faATnagmWPpbFtwh/R77WmMMqqHGS65C3vvB0YHrgF+B1YmZ3441tMj5n63k0212XNoJwzlhffQw==

glob-parent@~5.1.2:
  version "5.1.2"
  resolved "https://registry.yarnpkg.com/glob-parent/-/glob-parent-5.1.2.tgz#869832c58034fe68a4093c17dc15e8340d8401c4"
  integrity sha512-AOIgSQCepiJYwP3ARnGx+5VnTu2HBYdzbGP45eLw1vr3zB3vZLeyed1sC9hnbcOc9/SrMyM5RPQrkGz4aS9Zow==
  dependencies:
    is-glob "^4.0.1"

gzip-size@^6.0.0:
  version "6.0.0"
  resolved "https://registry.yarnpkg.com/gzip-size/-/gzip-size-6.0.0.tgz#065367fd50c239c0671cbcbad5be3e2eeb10e462"
  integrity sha512-ax7ZYomf6jqPTQ4+XCpUGyXKHk5WweS+e05MBO4/y3WJ5RkmPXNKvX+bx1behVILVwr6JSQvZAku021CHPXG3Q==
  dependencies:
    duplexer "^0.1.2"

has-flag@^4.0.0:
  version "4.0.0"
  resolved "https://registry.yarnpkg.com/has-flag/-/has-flag-4.0.0.tgz#944771fd9c81c81265c4d6941860da06bb59479b"
  integrity sha512-EykJT/Q1KjTWctppgIAgfSO0tKVuZUjhgMr17kqTumMl6Afv3EISleU7qZUzoXDFTAHTDC4NOoG/ZxU3EvlMPQ==

immutable@^4.0.0:
  version "4.3.4"
  resolved "https://registry.yarnpkg.com/immutable/-/immutable-4.3.4.tgz#2e07b33837b4bb7662f288c244d1ced1ef65a78f"
  integrity sha512-fsXeu4J4i6WNWSikpI88v/PcVflZz+6kMhUfIwc5SY+poQRPnaf5V7qds6SUyUN3cVxEzuCab7QIoLOQ+DQ1wA==

is-binary-path@~2.1.0:
  version "2.1.0"
  resolved "https://registry.yarnpkg.com/is-binary-path/-/is-binary-path-2.1.0.tgz#ea1f7f3b80f064236e83470f86c09c254fb45b09"
  integrity sha512-ZMERYes6pDydyuGidse7OsHxtbI7WVeUEozgR/g7rd0xUimYNlvZRE/K2MgZTjWy725IfelLeVcEM97mmtRGXw==
  dependencies:
    binary-extensions "^2.0.0"

is-extglob@^2.1.1:
  version "2.1.1"
  resolved "https://registry.yarnpkg.com/is-extglob/-/is-extglob-2.1.1.tgz#a88c02535791f02ed37c76a1b9ea9773c833f8c2"
  integrity sha512-SbKbANkN603Vi4jEZv49LeVJMn4yGwsbzZworEoyEiutsN3nJYdbO36zfhGJ6QEDpOZIFkDtnq5JRxmvl3jsoQ==

is-glob@^4.0.1, is-glob@~4.0.1:
  version "4.0.3"
  resolved "https://registry.yarnpkg.com/is-glob/-/is-glob-4.0.3.tgz#64f61e42cbbb2eec2071a9dac0b28ba1e65d5084"
  integrity sha512-xelSayHH36ZgE7ZWhli7pW34hNbNl8Ojv5KVmkJD4hBdD3th8Tfk9vYasLM+mXWOZhFkgZfxhLSnrwRr4elSSg==
  dependencies:
    is-extglob "^2.1.1"

is-number@^7.0.0:
  version "7.0.0"
  resolved "https://registry.yarnpkg.com/is-number/-/is-number-7.0.0.tgz#7535345b896734d5f80c4d06c50955527a14f12b"
  integrity sha512-41Cifkg6e8TylSpdtTpeLVMqvSBEVzTttHvERD741+pnZ8ANv0004MRL43QKPDlK9cGvNp6NZWZUBlbGXYxxng==

"js-tokens@^3.0.0 || ^4.0.0":
  version "4.0.0"
  resolved "https://registry.yarnpkg.com/js-tokens/-/js-tokens-4.0.0.tgz#19203fb59991df98e3a287050d4647cdeaf32499"
  integrity sha512-RdJUflcE3cUzKiMqQgsCu06FPu9UdIJO0beYbPhHN4k6apgJtifcoCtT9bcxOpYBtpD2kCM6Sbzg4CausW/PKQ==

lodash@^4.17.20:
  version "4.17.21"
  resolved "https://registry.yarnpkg.com/lodash/-/lodash-4.17.21.tgz#679591c564c3bffaae8454cf0b3df370c3d6911c"
  integrity sha512-v2kDEe57lecTulaDIuNTPy3Ry4gLGJ6Z1O3vE1krgXZNrsQ+LFTGHVxVjcXPs17LhbZVGedAJv8XZ1tvj5FvSg==

loose-envify@^1.1.0:
  version "1.4.0"
  resolved "https://registry.yarnpkg.com/loose-envify/-/loose-envify-1.4.0.tgz#71ee51fa7be4caec1a63839f7e682d8132d30caf"
  integrity sha512-lyuxPGr/Wfhrlem2CL/UcnUc1zcqKAImBDzukY7Y5F/yQiNdko6+fRLevlw1HgMySw7f611UIY408EtxRSoK3Q==
  dependencies:
    js-tokens "^3.0.0 || ^4.0.0"

mrmime@^1.0.0:
  version "1.0.1"
  resolved "https://registry.yarnpkg.com/mrmime/-/mrmime-1.0.1.tgz#5f90c825fad4bdd41dc914eff5d1a8cfdaf24f27"
  integrity sha512-hzzEagAgDyoU1Q6yg5uI+AorQgdvMCur3FcKf7NhMKWsaYg+RnbTyHRa/9IlLF9rf455MOCtcqqrQQ83pPP7Uw==

nanoid@^3.3.4:
  version "3.3.6"
  resolved "https://registry.yarnpkg.com/nanoid/-/nanoid-3.3.6.tgz#443380c856d6e9f9824267d960b4236ad583ea4c"
  integrity sha512-BGcqMMJuToF7i1rt+2PWSNVnWIkGCU78jBG3RxO/bZlnZPK2Cmi2QaffxGO/2RvWi9sL+FAiRiXMgsyxQ1DIDA==

next-compose-plugins@^2.2.1:
  version "2.2.1"
  resolved "https://registry.yarnpkg.com/next-compose-plugins/-/next-compose-plugins-2.2.1.tgz#020fc53f275a7e719d62521bef4300fbb6fde5ab"
  integrity sha512-OjJ+fV15FXO2uQXQagLD4C0abYErBjyjE0I0FHpOEIB8upw0hg1ldFP6cqHTJBH1cZqy96OeR3u1dJ+Ez2D4Bg==

next@^12.1.6:
  version "12.3.4"
  resolved "https://registry.yarnpkg.com/next/-/next-12.3.4.tgz#f2780a6ebbf367e071ce67e24bd8a6e05de2fcb1"
  integrity sha512-VcyMJUtLZBGzLKo3oMxrEF0stxh8HwuW976pAzlHhI3t8qJ4SROjCrSh1T24bhrbjw55wfZXAbXPGwPt5FLRfQ==
  dependencies:
    "@next/env" "12.3.4"
    "@swc/helpers" "0.4.11"
    caniuse-lite "^1.0.30001406"
    postcss "8.4.14"
    styled-jsx "5.0.7"
    use-sync-external-store "1.2.0"
  optionalDependencies:
    "@next/swc-android-arm-eabi" "12.3.4"
    "@next/swc-android-arm64" "12.3.4"
    "@next/swc-darwin-arm64" "12.3.4"
    "@next/swc-darwin-x64" "12.3.4"
    "@next/swc-freebsd-x64" "12.3.4"
    "@next/swc-linux-arm-gnueabihf" "12.3.4"
    "@next/swc-linux-arm64-gnu" "12.3.4"
    "@next/swc-linux-arm64-musl" "12.3.4"
    "@next/swc-linux-x64-gnu" "12.3.4"
    "@next/swc-linux-x64-musl" "12.3.4"
    "@next/swc-win32-arm64-msvc" "12.3.4"
    "@next/swc-win32-ia32-msvc" "12.3.4"
    "@next/swc-win32-x64-msvc" "12.3.4"

normalize-path@^3.0.0, normalize-path@~3.0.0:
  version "3.0.0"
  resolved "https://registry.yarnpkg.com/normalize-path/-/normalize-path-3.0.0.tgz#0dcd69ff23a1c9b11fd0978316644a0388216a65"
  integrity sha512-6eZs5Ls3WtCisHWp9S2GUy8dqkpGi4BVSz3GaqiE6ezub0512ESztXUwUB6C6IKbQkY2Pnb/mD4WYojCRwcwLA==

object-assign@^4.1.1:
  version "4.1.1"
  resolved "https://registry.yarnpkg.com/object-assign/-/object-assign-4.1.1.tgz#2109adc7965887cfc05cbbd442cac8bfbb360863"
  integrity sha512-rJgTQnkUnH1sFw8yT6VSU3zD3sWmu6sZhIseY8VX+GRu3P6F7Fu+JNDoXfklElbLJSnc3FUQHVe4cU5hj+BcUg==

opener@^1.5.2:
  version "1.5.2"
  resolved "https://registry.yarnpkg.com/opener/-/opener-1.5.2.tgz#5d37e1f35077b9dcac4301372271afdeb2a13598"
  integrity sha512-ur5UIdyw5Y7yEj9wLzhqXiy6GZ3Mwx0yGI+5sMn2r0N0v3cKJvUmFH5yPP+WXh9e0xfyzyJX95D8l088DNFj7A==

picocolors@^1.0.0:
  version "1.0.0"
  resolved "https://registry.yarnpkg.com/picocolors/-/picocolors-1.0.0.tgz#cb5bdc74ff3f51892236eaf79d68bc44564ab81c"
  integrity sha512-1fygroTLlHu66zi26VoTDv8yRgm0Fccecssto+MhsZ0D/DGW2sm8E8AjW7NU5VVTRt5GxbeZ5qBuJr+HyLYkjQ==

picomatch@^2.0.4, picomatch@^2.2.1:
  version "2.3.1"
  resolved "https://registry.yarnpkg.com/picomatch/-/picomatch-2.3.1.tgz#3ba3833733646d9d3e4995946c1365a67fb07a42"
  integrity sha512-JU3teHTNjmE2VCGFzuY8EXzCDVwEqB2a8fsIvwaStHhAWJEeVd1o1QD80CU6+ZdEXXSLbSsuLwJjkCBWqRQUVA==

postcss@8.4.14:
  version "8.4.14"
  resolved "https://registry.yarnpkg.com/postcss/-/postcss-8.4.14.tgz#ee9274d5622b4858c1007a74d76e42e56fd21caf"
  integrity sha512-E398TUmfAYFPBSdzgeieK2Y1+1cpdxJx8yXbK/m57nRhKSmk1GB2tO4lbLBtlkfPQTDKfe4Xqv1ASWPpayPEig==
  dependencies:
    nanoid "^3.3.4"
    picocolors "^1.0.0"
    source-map-js "^1.0.2"

react-dom@17.0.2:
  version "17.0.2"
  resolved "https://registry.yarnpkg.com/react-dom/-/react-dom-17.0.2.tgz#ecffb6845e3ad8dbfcdc498f0d0a939736502c23"
  integrity sha512-s4h96KtLDUQlsENhMn1ar8t2bEa+q/YAtj8pPPdIjPDGBDIVNsrD9aXNWqspUe6AzKCIG0C1HZZLqLV7qpOBGA==
  dependencies:
    loose-envify "^1.1.0"
    object-assign "^4.1.1"
    scheduler "^0.20.2"

react@17.0.2:
  version "17.0.2"
  resolved "https://registry.yarnpkg.com/react/-/react-17.0.2.tgz#d0b5cc516d29eb3eee383f75b62864cfb6800037"
  integrity sha512-gnhPt75i/dq/z3/6q/0asP78D0u592D5L1pd7M8P+dck6Fu/jJeL6iVVK23fptSUZj8Vjf++7wXA8UNclGQcbA==
  dependencies:
    loose-envify "^1.1.0"
    object-assign "^4.1.1"

readdirp@~3.6.0:
  version "3.6.0"
  resolved "https://registry.yarnpkg.com/readdirp/-/readdirp-3.6.0.tgz#74a370bd857116e245b29cc97340cd431a02a6c7"
  integrity sha512-hOS089on8RduqdbhvQ5Z37A0ESjsqz6qnRcffsMU3495FuTdqSm+7bhJ29JvIOsBDEEnan5DPu9t3To9VRlMzA==
  dependencies:
    picomatch "^2.2.1"

sass@^1.32.5:
  version "1.67.0"
  resolved "https://registry.yarnpkg.com/sass/-/sass-1.67.0.tgz#fed84d74b9cd708db603b1380d6dc1f71bb24f6f"
  integrity sha512-SVrO9ZeX/QQyEGtuZYCVxoeAL5vGlYjJ9p4i4HFuekWl8y/LtJ7tJc10Z+ck1c8xOuoBm2MYzcLfTAffD0pl/A==
  dependencies:
    chokidar ">=3.0.0 <4.0.0"
    immutable "^4.0.0"
    source-map-js ">=0.6.2 <2.0.0"

scheduler@^0.20.2:
  version "0.20.2"
  resolved "https://registry.yarnpkg.com/scheduler/-/scheduler-0.20.2.tgz#4baee39436e34aa93b4874bddcbf0fe8b8b50e91"
  integrity sha512-2eWfGgAqqWFGqtdMmcL5zCMK1U8KlXv8SQFGglL3CEtd0aDVDWgeF/YoCmvln55m5zSk3J/20hTaSBeSObsQDQ==
  dependencies:
    loose-envify "^1.1.0"
    object-assign "^4.1.1"

sirv@^1.0.7:
  version "1.0.19"
  resolved "https://registry.yarnpkg.com/sirv/-/sirv-1.0.19.tgz#1d73979b38c7fe91fcba49c85280daa9c2363b49"
  integrity sha512-JuLThK3TnZG1TAKDwNIqNq6QA2afLOCcm+iE8D1Kj3GA40pSPsxQjjJl0J8X3tsR7T+CP1GavpzLwYkgVLWrZQ==
  dependencies:
    "@polka/url" "^1.0.0-next.20"
    mrmime "^1.0.0"
    totalist "^1.0.0"

"source-map-js@>=0.6.2 <2.0.0", source-map-js@^1.0.2:
  version "1.0.2"
  resolved "https://registry.yarnpkg.com/source-map-js/-/source-map-js-1.0.2.tgz#adbc361d9c62df380125e7f161f71c826f1e490c"
  integrity sha512-R0XvVJ9WusLiqTCEiGCmICCMplcCkIwwR11mOSD9CR5u+IXYdiseeEuXCVAjS54zqwkLcPNnmU4OeJ6tUrWhDw==

styled-jsx@5.0.7:
  version "5.0.7"
  resolved "https://registry.yarnpkg.com/styled-jsx/-/styled-jsx-5.0.7.tgz#be44afc53771b983769ac654d355ca8d019dff48"
  integrity sha512-b3sUzamS086YLRuvnaDigdAewz1/EFYlHpYBP5mZovKEdQQOIIYq8lApylub3HHZ6xFjV051kkGU7cudJmrXEA==

supports-color@^7.1.0:
  version "7.2.0"
  resolved "https://registry.yarnpkg.com/supports-color/-/supports-color-7.2.0.tgz#1b7dcdcb32b8138801b3e478ba6a51caa89648da"
  integrity sha512-qpCAvRl9stuOHveKsn7HncJRvv501qIacKzQlO/+Lwxc9+0q2wLyv4Dfvt80/DPn2pqOBsJdDiogXGR9+OvwRw==
  dependencies:
    has-flag "^4.0.0"

to-regex-range@^5.0.1:
  version "5.0.1"
  resolved "https://registry.yarnpkg.com/to-regex-range/-/to-regex-range-5.0.1.tgz#1648c44aae7c8d988a326018ed72f5b4dd0392e4"
  integrity sha512-65P7iz6X5yEr1cwcgvQxbbIw7Uk3gOy5dIdtZ4rDveLqhrdJP+Li/Hx6tyK0NEb+2GCyneCMJiGqrADCSNk8sQ==
  dependencies:
    is-number "^7.0.0"

totalist@^1.0.0:
  version "1.1.0"
  resolved "https://registry.yarnpkg.com/totalist/-/totalist-1.1.0.tgz#a4d65a3e546517701e3e5c37a47a70ac97fe56df"
  integrity sha512-gduQwd1rOdDMGxFG1gEvhV88Oirdo2p+KjoYFU7k2g+i7n6AFFbDQ5kMPUsW0pNbfQsB/cwXvT1i4Bue0s9g5g==

tslib@^2.4.0:
  version "2.6.2"
  resolved "https://registry.yarnpkg.com/tslib/-/tslib-2.6.2.tgz#703ac29425e7b37cd6fd456e92404d46d1f3e4ae"
  integrity sha512-AEYxH93jGFPn/a2iVAwW87VuUIkR1FVUKB77NwMF7nBTDkDrrT/Hpt/IrCJ0QXhW27jTBDcf5ZY7w6RiqTMw2Q==

typescript@^4.1.3:
  version "4.9.5"
  resolved "https://registry.yarnpkg.com/typescript/-/typescript-4.9.5.tgz#095979f9bcc0d09da324d58d03ce8f8374cbe65a"
  integrity sha512-1FXk9E2Hm+QzZQ7z+McJiHL4NW1F2EzMu9Nq9i3zAaGqibafqYwCVU6WyWAuyQRRzOlxou8xZSyXLEN8oKj24g==

use-sync-external-store@1.2.0:
  version "1.2.0"
  resolved "https://registry.yarnpkg.com/use-sync-external-store/-/use-sync-external-store-1.2.0.tgz#7dbefd6ef3fe4e767a0cf5d7287aacfb5846928a"
  integrity sha512-eEgnFxGQ1Ife9bzYs6VLi8/4X6CObHMw9Qr9tPY43iKwsPw8xE8+EFsf/2cFZ5S3esXgpWgtSCtLNS41F+sKPA==

webpack-bundle-analyzer@4.3.0:
  version "4.3.0"
  resolved "https://registry.yarnpkg.com/webpack-bundle-analyzer/-/webpack-bundle-analyzer-4.3.0.tgz#2f3c0ca9041d5ee47fa418693cf56b4a518b578b"
  integrity sha512-J3TPm54bPARx6QG8z4cKBszahnUglcv70+N+8gUqv2I5KOFHJbzBiLx+pAp606so0X004fxM7hqRu10MLjJifA==
  dependencies:
    acorn "^8.0.4"
    acorn-walk "^8.0.0"
    chalk "^4.1.0"
    commander "^6.2.0"
    gzip-size "^6.0.0"
    lodash "^4.17.20"
    opener "^1.5.2"
    sirv "^1.0.7"
    ws "^7.3.1"

ws@^7.3.1:
  version "7.5.9"
  resolved "https://registry.yarnpkg.com/ws/-/ws-7.5.9.tgz#54fa7db29f4c7cec68b1ddd3a89de099942bb591"
  integrity sha512-F+P9Jil7UiSKSkppIiD94dN07AwvFixvLIj1Og1Rl9GGMuNipJnV9JzjD6XuqmAeiswGvUmNLjr5cFuXwNS77Q==
